
Microsoft Visual Studio Solution File, Format Version 12.00
# Visual Studio Version 17
VisualStudioVersion = 17.8.34525.116
MinimumVisualStudioVersion = 10.0.40219.1
Project("{FAE04EC0-301F-11D3-BF4B-00C04F79EFBC}") = "UEEEEEEEEEEEEEEEEEEEEEEEEEEEEEEEEE", "UEEEEEEEEEEEEEEEEEEEEEEEEEEEEEEEEE\UEEEEEEEEEEEEEEEEEEEEEEEEEEEEEEEEE.csproj", "{15FFE1FC-6A1B-42D9-9CB4-9D63C9710923}"
EndProject
Global
	GlobalSection(SolutionConfigurationPlatforms) = preSolution
		Debug|Any CPU = Debug|Any CPU
		Release|Any CPU = Release|Any CPU
	EndGlobalSection
	GlobalSection(ProjectConfigurationPlatforms) = postSolution
		{15FFE1FC-6A1B-42D9-9CB4-9D63C9710923}.Debug|Any CPU.ActiveCfg = Debug|Any CPU
		{15FFE1FC-6A1B-42D9-9CB4-9D63C9710923}.Debug|Any CPU.Build.0 = Debug|Any CPU
		{15FFE1FC-6A1B-42D9-9CB4-9D63C9710923}.Release|Any CPU.ActiveCfg = Release|Any CPU
		{15FFE1FC-6A1B-42D9-9CB4-9D63C9710923}.Release|Any CPU.Build.0 = Release|Any CPU
	EndGlobalSection
	GlobalSection(SolutionProperties) = preSolution
		HideSolutionNode = FALSE
	EndGlobalSection
	GlobalSection(ExtensibilityGlobals) = postSolution
		SolutionGuid = {E2DFF96D-6AA2-46D1-82F2-BE6D88BB8A29}
	EndGlobalSection
EndGlobal
